
Microsoft Visual Studio Solution File, Format Version 12.00
Project("{FAE04EC0-301F-11D3-BF4B-00C04F79EFBC}") = "SkyRoute-Travel-Platform-BackEnd", "SkyRoute-Travel-Platform-BackEnd.csproj", "{1C0F7DF1-B62A-4608-B2E1-691DE33CEAC5}"
EndProject
Project("{FAE04EC0-301F-11D3-BF4B-00C04F79EFBC}") = "TestProject1", "TestProject1\TestProject1.csproj", "{14A93D8B-3EA5-45D5-B38B-00B01EDBDBFB}"
EndProject
Global
	GlobalSection(SolutionConfigurationPlatforms) = preSolution
		Debug|Any CPU = Debug|Any CPU
		Debug|x64 = Debug|x64
		Debug|x86 = Debug|x86
		Release|Any CPU = Release|Any CPU
		Release|x64 = Release|x64
		Release|x86 = Release|x86
	EndGlobalSection
	GlobalSection(ProjectConfigurationPlatforms) = postSolution
		{1C0F7DF1-B62A-4608-B2E1-691DE33CEAC5}.Debug|Any CPU.ActiveCfg = Debug|Any CPU
		{1C0F7DF1-B62A-4608-B2E1-691DE33CEAC5}.Debug|Any CPU.Build.0 = Debug|Any CPU
		{1C0F7DF1-B62A-4608-B2E1-691DE33CEAC5}.Debug|x64.ActiveCfg = Debug|Any CPU
		{1C0F7DF1-B62A-4608-B2E1-691DE33CEAC5}.Debug|x64.Build.0 = Debug|Any CPU
		{1C0F7DF1-B62A-4608-B2E1-691DE33CEAC5}.Debug|x86.ActiveCfg = Debug|Any CPU
		{1C0F7DF1-B62A-4608-B2E1-691DE33CEAC5}.Debug|x86.Build.0 = Debug|Any CPU
		{1C0F7DF1-B62A-4608-B2E1-691DE33CEAC5}.Release|Any CPU.ActiveCfg = Release|Any CPU
		{1C0F7DF1-B62A-4608-B2E1-691DE33CEAC5}.Release|Any CPU.Build.0 = Release|Any CPU
		{1C0F7DF1-B62A-4608-B2E1-691DE33CEAC5}.Release|x64.ActiveCfg = Release|Any CPU
		{1C0F7DF1-B62A-4608-B2E1-691DE33CEAC5}.Release|x64.Build.0 = Release|Any CPU
		{1C0F7DF1-B62A-4608-B2E1-691DE33CEAC5}.Release|x86.ActiveCfg = Release|Any CPU
		{1C0F7DF1-B62A-4608-B2E1-691DE33CEAC5}.Release|x86.Build.0 = Release|Any CPU
		{14A93D8B-3EA5-45D5-B38B-00B01EDBDBFB}.Debug|Any CPU.ActiveCfg = Debug|Any CPU
		{14A93D8B-3EA5-45D5-B38B-00B01EDBDBFB}.Debug|Any CPU.Build.0 = Debug|Any CPU
		{14A93D8B-3EA5-45D5-B38B-00B01EDBDBFB}.Debug|x64.ActiveCfg = Debug|Any CPU
		{14A93D8B-3EA5-45D5-B38B-00B01EDBDBFB}.Debug|x64.Build.0 = Debug|Any CPU
		{14A93D8B-3EA5-45D5-B38B-00B01EDBDBFB}.Debug|x86.ActiveCfg = Debug|Any CPU
		{14A93D8B-3EA5-45D5-B38B-00B01EDBDBFB}.Debug|x86.Build.0 = Debug|Any CPU
		{14A93D8B-3EA5-45D5-B38B-00B01EDBDBFB}.Release|Any CPU.ActiveCfg = Release|Any CPU
		{14A93D8B-3EA5-45D5-B38B-00B01EDBDBFB}.Release|Any CPU.Build.0 = Release|Any CPU
		{14A93D8B-3EA5-45D5-B38B-00B01EDBDBFB}.Release|x64.ActiveCfg = Release|Any CPU
		{14A93D8B-3EA5-45D5-B38B-00B01EDBDBFB}.Release|x64.Build.0 = Release|Any CPU
		{14A93D8B-3EA5-45D5-B38B-00B01EDBDBFB}.Release|x86.ActiveCfg = Release|Any CPU
		{14A93D8B-3EA5-45D5-B38B-00B01EDBDBFB}.Release|x86.Build.0 = Release|Any CPU
	EndGlobalSection
	GlobalSection(SolutionProperties) = preSolution
		HideSolutionNode = FALSE
	EndGlobalSection
EndGlobal
